
Microsoft Visual Studio Solution File, Format Version 12.00
# Visual Studio Version 17
VisualStudioVersion = 17.11.35222.181
MinimumVisualStudioVersion = 10.0.40219.1
Project("{FAE04EC0-301F-11D3-BF4B-00C04F79EFBC}") = "InterfaceAbstractDemo", "InterfaceAbstractDemo\InterfaceAbstractDemo.csproj", "{D652B5BC-5BCC-447A-99B6-C5307D1FBED3}"
EndProject
Global
	GlobalSection(SolutionConfigurationPlatforms) = preSolution
		Debug|Any CPU = Debug|Any CPU
		Release|Any CPU = Release|Any CPU
	EndGlobalSection
	GlobalSection(ProjectConfigurationPlatforms) = postSolution
		{D652B5BC-5BCC-447A-99B6-C5307D1FBED3}.Debug|Any CPU.ActiveCfg = Debug|Any CPU
		{D652B5BC-5BCC-447A-99B6-C5307D1FBED3}.Debug|Any CPU.Build.0 = Debug|Any CPU
		{D652B5BC-5BCC-447A-99B6-C5307D1FBED3}.Release|Any CPU.ActiveCfg = Release|Any CPU
		{D652B5BC-5BCC-447A-99B6-C5307D1FBED3}.Release|Any CPU.Build.0 = Release|Any CPU
	EndGlobalSection
	GlobalSection(SolutionProperties) = preSolution
		HideSolutionNode = FALSE
	EndGlobalSection
	GlobalSection(ExtensibilityGlobals) = postSolution
		SolutionGuid = {408D8493-6900-4BF1-962A-A101956876E0}
	EndGlobalSection
EndGlobal
